
Microsoft Visual Studio Solution File, Format Version 12.00
# Visual Studio Version 17
VisualStudioVersion = 17.8.34511.84
MinimumVisualStudioVersion = 10.0.40219.1
Project("{FAE04EC0-301F-11D3-BF4B-00C04F79EFBC}") = "YildizPansiyon", "YildizPansiyon\YildizPansiyon.csproj", "{09C332C0-273E-41BE-A389-DEF4CBADF1B3}"
EndProject
Global
	GlobalSection(SolutionConfigurationPlatforms) = preSolution
		Debug|Any CPU = Debug|Any CPU
		Release|Any CPU = Release|Any CPU
	EndGlobalSection
	GlobalSection(ProjectConfigurationPlatforms) = postSolution
		{09C332C0-273E-41BE-A389-DEF4CBADF1B3}.Debug|Any CPU.ActiveCfg = Debug|Any CPU
		{09C332C0-273E-41BE-A389-DEF4CBADF1B3}.Debug|Any CPU.Build.0 = Debug|Any CPU
		{09C332C0-273E-41BE-A389-DEF4CBADF1B3}.Release|Any CPU.ActiveCfg = Release|Any CPU
		{09C332C0-273E-41BE-A389-DEF4CBADF1B3}.Release|Any CPU.Build.0 = Release|Any CPU
	EndGlobalSection
	GlobalSection(SolutionProperties) = preSolution
		HideSolutionNode = FALSE
	EndGlobalSection
	GlobalSection(ExtensibilityGlobals) = postSolution
		SolutionGuid = {2E208C3A-34FC-477E-A953-A4A08FFBF89E}
	EndGlobalSection
EndGlobal
